
Microsoft Visual Studio Solution File, Format Version 12.00
# Visual Studio Version 16
VisualStudioVersion = 16.0.29503.13
MinimumVisualStudioVersion = 10.0.40219.1
Project("{FAE04EC0-301F-11D3-BF4B-00C04F79EFBC}") = "AppInstaller", "AppInstaller\AppInstaller.csproj", "{86274B3A-39A8-477C-A5DC-82389E0B8359}"
EndProject
Global
	GlobalSection(SolutionConfigurationPlatforms) = preSolution
		Debug|Any CPU = Debug|Any CPU
		Release|Any CPU = Release|Any CPU
	EndGlobalSection
	GlobalSection(ProjectConfigurationPlatforms) = postSolution
		{86274B3A-39A8-477C-A5DC-82389E0B8359}.Debug|Any CPU.ActiveCfg = Debug|Any CPU
		{86274B3A-39A8-477C-A5DC-82389E0B8359}.Debug|Any CPU.Build.0 = Debug|Any CPU
		{86274B3A-39A8-477C-A5DC-82389E0B8359}.Release|Any CPU.ActiveCfg = Release|Any CPU
		{86274B3A-39A8-477C-A5DC-82389E0B8359}.Release|Any CPU.Build.0 = Release|Any CPU
	EndGlobalSection
	GlobalSection(SolutionProperties) = preSolution
		HideSolutionNode = FALSE
	EndGlobalSection
	GlobalSection(ExtensibilityGlobals) = postSolution
		SolutionGuid = {0C4D2E8F-B517-458D-8578-990F7425E20B}
	EndGlobalSection
EndGlobal
